{
  "projects": [
    {
      "projectId": "58GpZjZCWTaJ8AUhpCwt2K",
      "version": "3.15.0",
      "dependencies": {},
      "lang": "ts",
      "fileLocks": [
        {
          "assetId": "58GpZjZCWTaJ8AUhpCwt2K",
          "type": "projectCss",
          "checksum": "fd84921cc10936e6ceb458c2ae01c4bd"
        }
      ],
      "codegenVersion": "0.0.1"
    },
    {
      "projectId": "godPLiX5oeXKhPMKyYfERC",
      "version": "latest",
      "dependencies": {
        "58GpZjZCWTaJ8AUhpCwt2K": "3.15.0"
      },
      "lang": "ts",
      "fileLocks": [
        {
          "type": "globalVariant",
          "assetId": "Jjm2rAB-UQ9fQ1",
          "checksum": "a8b07ac1ae757dac476a00ea86aeca83"
        },
        {
          "type": "renderModule",
          "assetId": "QWiCVRKw6aW3N",
          "checksum": "e2b7320af353f227b9b906351a85688f"
        },
        {
          "type": "cssRules",
          "assetId": "QWiCVRKw6aW3N",
          "checksum": "e2b7320af353f227b9b906351a85688f"
        },
        {
          "type": "renderModule",
          "assetId": "u-I3iLDeCNZPb",
          "checksum": "46edf3411d1ce9ed2c484dd00ba9ca5b"
        },
        {
          "type": "cssRules",
          "assetId": "u-I3iLDeCNZPb",
          "checksum": "46edf3411d1ce9ed2c484dd00ba9ca5b"
        },
        {
          "type": "renderModule",
          "assetId": "vx1pBeHhyGfbw",
          "checksum": "430e5963796714835a1f125735ad8c72"
        },
        {
          "type": "cssRules",
          "assetId": "vx1pBeHhyGfbw",
          "checksum": "430e5963796714835a1f125735ad8c72"
        },
        {
          "type": "renderModule",
          "assetId": "ws-jSm8NK60EsG",
          "checksum": "5aa07aae26a1bc4628bbfa8c72459328"
        },
        {
          "type": "cssRules",
          "assetId": "ws-jSm8NK60EsG",
          "checksum": "5aa07aae26a1bc4628bbfa8c72459328"
        },
        {
          "type": "renderModule",
          "assetId": "awRcWNoc8VLdag",
          "checksum": "6c1cd7d104723b635b61102bb3ceff07"
        },
        {
          "type": "cssRules",
          "assetId": "awRcWNoc8VLdag",
          "checksum": "6c1cd7d104723b635b61102bb3ceff07"
        },
        {
          "type": "renderModule",
          "assetId": "H5FIRoY3JLDull",
          "checksum": "5ed0b50471613a9f9f7ce41c582ffa0b"
        },
        {
          "type": "cssRules",
          "assetId": "H5FIRoY3JLDull",
          "checksum": "5ed0b50471613a9f9f7ce41c582ffa0b"
        },
        {
          "type": "renderModule",
          "assetId": "SQzPIQbKwQHt_O",
          "checksum": "f31f81c63af35c8d25beb7e99fb231c8"
        },
        {
          "type": "cssRules",
          "assetId": "SQzPIQbKwQHt_O",
          "checksum": "f31f81c63af35c8d25beb7e99fb231c8"
        },
        {
          "type": "renderModule",
          "assetId": "DEqBTBYZNftCgL",
          "checksum": "5b313dc8321b8ca616a011a3c4678b13"
        },
        {
          "type": "cssRules",
          "assetId": "DEqBTBYZNftCgL",
          "checksum": "5b313dc8321b8ca616a011a3c4678b13"
        },
        {
          "type": "renderModule",
          "assetId": "QS9kc0TcVAkWeG",
          "checksum": "6939dac4e833f1f5dda29ec53be8a45b"
        },
        {
          "type": "cssRules",
          "assetId": "QS9kc0TcVAkWeG",
          "checksum": "6939dac4e833f1f5dda29ec53be8a45b"
        },
        {
          "type": "renderModule",
          "assetId": "Wpq2nykdl83rxx",
          "checksum": "0893c3dde3feae3a4cee5694ca96d7e6"
        },
        {
          "type": "cssRules",
          "assetId": "Wpq2nykdl83rxx",
          "checksum": "0893c3dde3feae3a4cee5694ca96d7e6"
        },
        {
          "type": "renderModule",
          "assetId": "0BmTjQA_R2wn2D",
          "checksum": "e3059e44cd08fb4f119dde1dd3d8cf31"
        },
        {
          "type": "cssRules",
          "assetId": "0BmTjQA_R2wn2D",
          "checksum": "e3059e44cd08fb4f119dde1dd3d8cf31"
        },
        {
          "type": "icon",
          "assetId": "fFg2o1GI-jYYAd",
          "checksum": "e7b829e8786829a895f1fcc60484a0b2"
        },
        {
          "type": "icon",
          "assetId": "Iiecmhc_lc_Mgi",
          "checksum": "1bade048e09ad16a24003acdc8daa585"
        },
        {
          "type": "icon",
          "assetId": "U1R02upEWEdjaX",
          "checksum": "f1534b67e8e960c91c3bbef51dbec829"
        },
        {
          "type": "icon",
          "assetId": "P4_dTIRGFhdeGJ",
          "checksum": "f1ebb1c124bf80401db922a6e2bcf2e7"
        },
        {
          "type": "icon",
          "assetId": "jZ_1oRfUYMQSQ6",
          "checksum": "0c728f17737481dee9d891a7ea444546"
        },
        {
          "type": "icon",
          "assetId": "QH_k7yg7HrgXWZ",
          "checksum": "cc06a0ea7fd3db7762edb80bfbb22776"
        },
        {
          "type": "icon",
          "assetId": "7Cn5CO3TD5uWDU",
          "checksum": "d28c0db8ba673c7077fee89cd9d6709c"
        },
        {
          "type": "icon",
          "assetId": "yMNjVef8PgxcQp",
          "checksum": "0b7c19c47d660454d117045287d7a3f6"
        },
        {
          "type": "icon",
          "assetId": "aM_7g7xoUFBPyw",
          "checksum": "7c2377a93ef927049049a0b0f4d75596"
        },
        {
          "type": "image",
          "assetId": "EkFtwsz3pKHUvh",
          "checksum": "cdb96df6358130fe2fc0dae1832e0462"
        },
        {
          "type": "image",
          "assetId": "Rp4sxfK_LjD5eb",
          "checksum": "b9df6013ae554c12360365420185d9f8"
        },
        {
          "type": "image",
          "assetId": "jdxDqeL0AahMbo",
          "checksum": "c4c5d17f3ea0a0765b61d387a34777f2"
        },
        {
          "type": "image",
          "assetId": "SOxJN6RgnZnBTQ",
          "checksum": "280d9dedb2e429222ea2eb1984552895"
        },
        {
          "type": "image",
          "assetId": "DuWGzw9Y_rJMX9",
          "checksum": "f91e343346a846b48b6af5d38410493f"
        },
        {
          "type": "image",
          "assetId": "HOPYNavKPGaLq8",
          "checksum": "f849190cb1acdabefd9cc24435cddafc"
        },
        {
          "type": "image",
          "assetId": "JCEtpRSkMXXKnC",
          "checksum": "1ba4cac3b97e2b45ebea3e8d23efdba3"
        },
        {
          "type": "image",
          "assetId": "PpFTqC_t1oDNmg",
          "checksum": "5c055017cec81ab6977dde9930ce1f18"
        },
        {
          "type": "image",
          "assetId": "3ysuCeMcvuP2Bz",
          "checksum": "6ffaef37be178b9f9a9091c9985143d0"
        },
        {
          "type": "image",
          "assetId": "UB-xt9siKfphtq",
          "checksum": "150beff6d25eaa45cc1b42a12adbd4ba"
        },
        {
          "type": "image",
          "assetId": "SCa3FgWIXQBZ8E",
          "checksum": "20e34ca4b6b177290c9e7f8c4981c047"
        },
        {
          "type": "image",
          "assetId": "L_Ji5kU2GJtt-1",
          "checksum": "80f8ba7333857d05367fbc0e6c25bccf"
        },
        {
          "type": "image",
          "assetId": "ZrEYyr8GsFhA4b",
          "checksum": "c53ab9531b61fa90299cd8ff374bc8eb"
        },
        {
          "type": "image",
          "assetId": "wj6suVzr5_T3AP",
          "checksum": "f7d17e853a2cda94c496b2e9ae7a83c1"
        },
        {
          "type": "image",
          "assetId": "RfoL9TE_-6NWzB",
          "checksum": "8d277abde349d91db64f4b77b1ab48e1"
        },
        {
          "type": "image",
          "assetId": "38KnHVPhTjQ4Se",
          "checksum": "27182dfab8ecd8f1a04f0925a07dc0a9"
        },
        {
          "type": "image",
          "assetId": "0LnWRMsRGA6NrL",
          "checksum": "7255e0934d7e09cf1039d02372500c15"
        },
        {
          "type": "image",
          "assetId": "X1c7EfnOgTpep3",
          "checksum": "f6bf598aadf652b4e60effe20cc8186b"
        },
        {
          "type": "image",
          "assetId": "GUvVH2cLi-AABX",
          "checksum": "6c585847e29f56853819feada0a89429"
        },
        {
          "type": "image",
          "assetId": "5rq1K047_5MWc9",
          "checksum": "f9fe26431f76e060c9003f0c565e0ec8"
        },
        {
          "type": "image",
          "assetId": "XRi8_3qJe_0PG5",
          "checksum": "40e0d094fd029c883607751fe19360c8"
        },
        {
          "type": "image",
          "assetId": "ebFuT2p8WrESJA",
          "checksum": "20fc9b2ea358bed6b2986b7736d62add"
        },
        {
          "type": "image",
          "assetId": "caOxDlBeiodrAl",
          "checksum": "9c803c07e4e7c2512b534d69f0aa72f1"
        },
        {
          "type": "image",
          "assetId": "zbCgw1g4rNOSTd",
          "checksum": "f594e2e40cc9b36927a27d321524e4db"
        },
        {
          "type": "image",
          "assetId": "IvC5kjSIxhseD8",
          "checksum": "1a466fbf1bbc680d7b33ae970be3a520"
        },
        {
          "type": "image",
          "assetId": "gDCMsO4ry7L991",
          "checksum": "dd26a0c1a76d48909c5f2819ffcb8f4d"
        },
        {
          "type": "image",
          "assetId": "CiktQoSnPeTE_J",
          "checksum": "13d8ef3cbca9374723a74f7de5a6f078"
        },
        {
          "type": "image",
          "assetId": "y3SteBFIbKPxwY",
          "checksum": "0272eb6e3a183c7b2ea9cde804b35fdf"
        },
        {
          "type": "image",
          "assetId": "-5Dsf5k0S9Kr-R",
          "checksum": "5a6b50eb8a75df7efe6a1799ef276b3d"
        },
        {
          "type": "image",
          "assetId": "ImpxF6E_d6Ydkq",
          "checksum": "9fc545d1042f54f98817a6d281ec48d2"
        },
        {
          "type": "image",
          "assetId": "r5CMrODxu_xwLr",
          "checksum": "9ecc6aba420fc265e0c27c20d0fd0c05"
        },
        {
          "type": "image",
          "assetId": "u62Gm7VV3IRvHg",
          "checksum": "564e0ebaf6212c9c6dd1a4f8d17ed83e"
        },
        {
          "type": "image",
          "assetId": "bzFJgh1camLGCB",
          "checksum": "8d8ba87f736814f046b7579d0f079977"
        },
        {
          "type": "image",
          "assetId": "R0-QyX_j7bHnVe",
          "checksum": "50adc25bb9f7d36bfef2b6f6fd9b2d4b"
        },
        {
          "type": "image",
          "assetId": "tm8ZS14m6mX81f",
          "checksum": "78e48b78277ea5d815d2e68f9d32731e"
        },
        {
          "type": "image",
          "assetId": "eubCsv8yZ-yaur",
          "checksum": "fa99d11957b424ded140794459036b8d"
        },
        {
          "type": "image",
          "assetId": "Fclca7DwTVmgp1",
          "checksum": "9d41bd9431ee7bed7fb994d32afb12ff"
        },
        {
          "type": "image",
          "assetId": "ZykO5CjAw",
          "checksum": "d0bdcb8eeb0a74a4740238ad7c4d2d24"
        },
        {
          "assetId": "godPLiX5oeXKhPMKyYfERC",
          "type": "projectCss",
          "checksum": "580e709d4f008d354ad804fbd9b0f9e3"
        },
        {
          "type": "renderModule",
          "assetId": "_dau56ERG1k",
          "checksum": "229469d725ee350e27b07c7f6859a6ac"
        },
        {
          "type": "cssRules",
          "assetId": "_dau56ERG1k",
          "checksum": "229469d725ee350e27b07c7f6859a6ac"
        }
      ],
      "codegenVersion": "0.0.1"
    }
  ],
  "cliVersion": "0.1.277"
}
